
Microsoft Visual Studio Solution File, Format Version 12.00
# Visual Studio 15
VisualStudioVersion = 15.0.28010.2036
MinimumVisualStudioVersion = 10.0.40219.1
Project("{FAE04EC0-301F-11D3-BF4B-00C04F79EFBC}") = "Assignment2_PROG2", "Assignment2_PROG2\Assignment2_PROG2.csproj", "{06D79C50-56B8-4F54-A06F-6DE7FE0E8DA0}"
EndProject
Global
	GlobalSection(SolutionConfigurationPlatforms) = preSolution
		Debug|Any CPU = Debug|Any CPU
		Release|Any CPU = Release|Any CPU
	EndGlobalSection
	GlobalSection(ProjectConfigurationPlatforms) = postSolution
		{06D79C50-56B8-4F54-A06F-6DE7FE0E8DA0}.Debug|Any CPU.ActiveCfg = Debug|Any CPU
		{06D79C50-56B8-4F54-A06F-6DE7FE0E8DA0}.Debug|Any CPU.Build.0 = Debug|Any CPU
		{06D79C50-56B8-4F54-A06F-6DE7FE0E8DA0}.Release|Any CPU.ActiveCfg = Release|Any CPU
		{06D79C50-56B8-4F54-A06F-6DE7FE0E8DA0}.Release|Any CPU.Build.0 = Release|Any CPU
	EndGlobalSection
	GlobalSection(SolutionProperties) = preSolution
		HideSolutionNode = FALSE
	EndGlobalSection
	GlobalSection(ExtensibilityGlobals) = postSolution
		SolutionGuid = {EB9DDA00-0DF4-4674-9FF0-96BEA4AFB61A}
	EndGlobalSection
EndGlobal
